{
  "name": "ag-charts-web-components",
  "version": "1.0.0",
  "lockfileVersion": 3,
  "requires": true,
  "packages": {
    "": {
      "name": "ag-charts-web-components",
      "version": "1.0.0",
      "license": "MIT",
      "devDependencies": {
        "ag-charts-community": "^10.3.1"
      }
    },
    "node_modules/ag-charts-community": {
      "version": "10.3.9",
      "resolved": "https://registry.npmjs.org/ag-charts-community/-/ag-charts-community-10.3.9.tgz",
      "integrity": "sha512-9rZneZr1xwX2yjoD+9+WJjNd0WF/FD1ODpNqOR79bqMWu1T9fTu24N51ZIMPDdGHQWEPzdpva7f+K2xmHY5ntA==",
      "dev": true,
      "license": "MIT",
      "dependencies": {
        "ag-charts-locale": "10.3.9",
        "ag-charts-types": "10.3.9"
      }
    },
    "node_modules/ag-charts-locale": {
      "version": "10.3.9",
      "resolved": "https://registry.npmjs.org/ag-charts-locale/-/ag-charts-locale-10.3.9.tgz",
      "integrity": "sha512-Wq0VNFFwE9+mErmeRue1vGTtuTmM0gH6PXbCnZNORv31J6smXF+uqmZ+98cZ7kXZQ27+HiVElh8HakQsBg70bA==",
      "dev": true,
      "license": "MIT"
    },
    "node_modules/ag-charts-types": {
      "version": "10.3.9",
      "resolved": "https://registry.npmjs.org/ag-charts-types/-/ag-charts-types-10.3.9.tgz",
      "integrity": "sha512-drcRiJVencliC8LnRwk4MmeQDNNBg5GzmOoLFihO3/k0CUK0VF/N+2nc7iFozwaNG0btSB9vAhYuJLjqHMtRrQ==",
      "dev": true,
      "license": "MIT"
    }
  }
}
